
Microsoft Visual Studio Solution File, Format Version 12.00
# Visual Studio 15
VisualStudioVersion = 15.0.28010.2016
MinimumVisualStudioVersion = 10.0.40219.1
Project("{FAE04EC0-301F-11D3-BF4B-00C04F79EFBC}") = "BarApp", "BarApp\BarApp.csproj", "{EE6953C8-B0B4-4922-8FFE-A1D72F26F7A4}"
EndProject
Global
	GlobalSection(SolutionConfigurationPlatforms) = preSolution
		Debug|Any CPU = Debug|Any CPU
		Release|Any CPU = Release|Any CPU
	EndGlobalSection
	GlobalSection(ProjectConfigurationPlatforms) = postSolution
		{EE6953C8-B0B4-4922-8FFE-A1D72F26F7A4}.Debug|Any CPU.ActiveCfg = Debug|Any CPU
		{EE6953C8-B0B4-4922-8FFE-A1D72F26F7A4}.Debug|Any CPU.Build.0 = Debug|Any CPU
		{EE6953C8-B0B4-4922-8FFE-A1D72F26F7A4}.Release|Any CPU.ActiveCfg = Release|Any CPU
		{EE6953C8-B0B4-4922-8FFE-A1D72F26F7A4}.Release|Any CPU.Build.0 = Release|Any CPU
	EndGlobalSection
	GlobalSection(SolutionProperties) = preSolution
		HideSolutionNode = FALSE
	EndGlobalSection
	GlobalSection(ExtensibilityGlobals) = postSolution
		SolutionGuid = {B05F17B3-5C07-44CC-8848-0B88315FD4AC}
	EndGlobalSection
EndGlobal
